// !$*UTF8*$!
{
	archiveVersion = 1;
	classes = {
	};
	objectVersion = 46;
	objects = {

/* Begin PBXBuildFile section */
		0B06645E1CF73F590084B3E3 /* bigViewCell.m in Sources */ = {isa = PBXBuildFile; fileRef = 0B06645D1CF73F590084B3E3 /* bigViewCell.m */; };
		0B0664611CF73F7A0084B3E3 /* ListViewCell.m in Sources */ = {isa = PBXBuildFile; fileRef = 0B0664601CF73F7A0084B3E3 /* ListViewCell.m */; };
		0B0664641CF747AB0084B3E3 /* JuJiaoViewController.m in Sources */ = {isa = PBXBuildFile; fileRef = 0B0664631CF747AB0084B3E3 /* JuJiaoViewController.m */; };
		0B4FB5C41CF70B4D00108D20 /* HomeNotifierCell.m in Sources */ = {isa = PBXBuildFile; fileRef = 0B4FB5C31CF70B4D00108D20 /* HomeNotifierCell.m */; };
		0BFD25431CF5DB7600142882 /* HomeViewCell.m in Sources */ = {isa = PBXBuildFile; fileRef = 0BFD25421CF5DB7600142882 /* HomeViewCell.m */; };
		0BFD25461CF5E88600142882 /* HomeThreeViewCell.m in Sources */ = {isa = PBXBuildFile; fileRef = 0BFD25451CF5E88600142882 /* HomeThreeViewCell.m */; };
		8C3891991CF5BD1F003ECB4D /* AppDelegate.m in Sources */ = {isa = PBXBuildFile; fileRef = 8C3891981CF5BD1F003ECB4D /* AppDelegate.m */; };
		8C38919E1CF5BE6D003ECB4D /* LeftView.m in Sources */ = {isa = PBXBuildFile; fileRef = 8C38919D1CF5BE6D003ECB4D /* LeftView.m */; };
		8CBA33B71CF4705E00A4897A /* main.m in Sources */ = {isa = PBXBuildFile; fileRef = 8CBA33B61CF4705E00A4897A /* main.m */; };
		8CBA33C01CF4705E00A4897A /* Main.storyboard in Resources */ = {isa = PBXBuildFile; fileRef = 8CBA33BE1CF4705E00A4897A /* Main.storyboard */; };
		8CBA33C21CF4705E00A4897A /* Assets.xcassets in Resources */ = {isa = PBXBuildFile; fileRef = 8CBA33C11CF4705E00A4897A /* Assets.xcassets */; };
		8CBA33C51CF4705E00A4897A /* LaunchScreen.storyboard in Resources */ = {isa = PBXBuildFile; fileRef = 8CBA33C31CF4705E00A4897A /* LaunchScreen.storyboard */; };
		8CBA33D01CF4705E00A4897A /* PeopleOnlineTests.m in Sources */ = {isa = PBXBuildFile; fileRef = 8CBA33CF1CF4705E00A4897A /* PeopleOnlineTests.m */; };
		8CBA33DB1CF4705E00A4897A /* PeopleOnlineUITests.m in Sources */ = {isa = PBXBuildFile; fileRef = 8CBA33DA1CF4705E00A4897A /* PeopleOnlineUITests.m */; };
		8CBA33F91CF472A200A4897A /* LaunchViewController.m in Sources */ = {isa = PBXBuildFile; fileRef = 8CBA33F81CF472A200A4897A /* LaunchViewController.m */; };
		8CBA33FC1CF4739B00A4897A /* LaunchView.m in Sources */ = {isa = PBXBuildFile; fileRef = 8CBA33FB1CF4739B00A4897A /* LaunchView.m */; };
		8CBA34091CF47F4600A4897A /* UIView+Extension.m in Sources */ = {isa = PBXBuildFile; fileRef = 8CBA34081CF47F4600A4897A /* UIView+Extension.m */; };
		8CBA340E1CF48D0B00A4897A /* huand0.png in Resources */ = {isa = PBXBuildFile; fileRef = 8CBA340A1CF48D0B00A4897A /* huand0.png */; };
		8CBA340F1CF48D0B00A4897A /* huand1.png in Resources */ = {isa = PBXBuildFile; fileRef = 8CBA340B1CF48D0B00A4897A /* huand1.png */; };
		8CBA34101CF48D0B00A4897A /* huand2.png in Resources */ = {isa = PBXBuildFile; fileRef = 8CBA340C1CF48D0B00A4897A /* huand2.png */; };
		8CBA34111CF48D0B00A4897A /* huand3.png in Resources */ = {isa = PBXBuildFile; fileRef = 8CBA340D1CF48D0B00A4897A /* huand3.png */; };
		8CBA34221CF498D000A4897A /* MMDrawerBarButtonItem.m in Sources */ = {isa = PBXBuildFile; fileRef = 8CBA341A1CF498D000A4897A /* MMDrawerBarButtonItem.m */; };
		8CBA34231CF498D000A4897A /* MMDrawerController.m in Sources */ = {isa = PBXBuildFile; fileRef = 8CBA341D1CF498D000A4897A /* MMDrawerController.m */; };
		8CBA34241CF498D000A4897A /* MMDrawerVisualState.m in Sources */ = {isa = PBXBuildFile; fileRef = 8CBA341F1CF498D000A4897A /* MMDrawerVisualState.m */; };
		8CBA34251CF498D000A4897A /* UIViewController+MMDrawerController.m in Sources */ = {isa = PBXBuildFile; fileRef = 8CBA34211CF498D000A4897A /* UIViewController+MMDrawerController.m */; };
		8CBA342B1CF499BC00A4897A /* LeftViewController.m in Sources */ = {isa = PBXBuildFile; fileRef = 8CBA342A1CF499BC00A4897A /* LeftViewController.m */; };
		8CBA342E1CF4A87300A4897A /* HomeViewController.m in Sources */ = {isa = PBXBuildFile; fileRef = 8CBA342D1CF4A87300A4897A /* HomeViewController.m */; };
		8CBA34311CF4A87C00A4897A /* MyViewController.m in Sources */ = {isa = PBXBuildFile; fileRef = 8CBA34301CF4A87C00A4897A /* MyViewController.m */; };
		8CBA34341CF4A8A400A4897A /* CitysViewController.m in Sources */ = {isa = PBXBuildFile; fileRef = 8CBA34331CF4A8A400A4897A /* CitysViewController.m */; };
		8CBA34371CF4A90A00A4897A /* BGTViewController.m in Sources */ = {isa = PBXBuildFile; fileRef = 8CBA34361CF4A90A00A4897A /* BGTViewController.m */; };
		8CBA343A1CF4A92800A4897A /* ServiceViewController.m in Sources */ = {isa = PBXBuildFile; fileRef = 8CBA34391CF4A92800A4897A /* ServiceViewController.m */; };
		8CBA343D1CF4AC6000A4897A /* RootTabBarViewController.m in Sources */ = {isa = PBXBuildFile; fileRef = 8CBA343C1CF4AC6000A4897A /* RootTabBarViewController.m */; };
/* End PBXBuildFile section */

/* Begin PBXContainerItemProxy section */
		8CBA33CC1CF4705E00A4897A /* PBXContainerItemProxy */ = {
			isa = PBXContainerItemProxy;
			containerPortal = 8CBA33AA1CF4705E00A4897A /* Project object */;
			proxyType = 1;
			remoteGlobalIDString = 8CBA33B11CF4705E00A4897A;
			remoteInfo = PeopleOnline;
		};
		8CBA33D71CF4705E00A4897A /* PBXContainerItemProxy */ = {
			isa = PBXContainerItemProxy;
			containerPortal = 8CBA33AA1CF4705E00A4897A /* Project object */;
			proxyType = 1;
			remoteGlobalIDString = 8CBA33B11CF4705E00A4897A;
			remoteInfo = PeopleOnline;
		};
/* End PBXContainerItemProxy section */

/* Begin PBXFileReference section */
		0B06645C1CF73F590084B3E3 /* bigViewCell.h */ = {isa = PBXFileReference; fileEncoding = 4; lastKnownFileType = sourcecode.c.h; path = bigViewCell.h; sourceTree = "<group>"; };
		0B06645D1CF73F590084B3E3 /* bigViewCell.m */ = {isa = PBXFileReference; fileEncoding = 4; lastKnownFileType = sourcecode.c.objc; path = bigViewCell.m; sourceTree = "<group>"; };
		0B06645F1CF73F7A0084B3E3 /* ListViewCell.h */ = {isa = PBXFileReference; fileEncoding = 4; lastKnownFileType = sourcecode.c.h; path = ListViewCell.h; sourceTree = "<group>"; };
		0B0664601CF73F7A0084B3E3 /* ListViewCell.m */ = {isa = PBXFileReference; fileEncoding = 4; lastKnownFileType = sourcecode.c.objc; path = ListViewCell.m; sourceTree = "<group>"; };
		0B0664621CF747AB0084B3E3 /* JuJiaoViewController.h */ = {isa = PBXFileReference; fileEncoding = 4; lastKnownFileType = sourcecode.c.h; path = JuJiaoViewController.h; sourceTree = "<group>"; };
		0B0664631CF747AB0084B3E3 /* JuJiaoViewController.m */ = {isa = PBXFileReference; fileEncoding = 4; lastKnownFileType = sourcecode.c.objc; path = JuJiaoViewController.m; sourceTree = "<group>"; };
		0B4FB5C21CF70B4D00108D20 /* HomeNotifierCell.h */ = {isa = PBXFileReference; fileEncoding = 4; lastKnownFileType = sourcecode.c.h; path = HomeNotifierCell.h; sourceTree = "<group>"; };
		0B4FB5C31CF70B4D00108D20 /* HomeNotifierCell.m */ = {isa = PBXFileReference; fileEncoding = 4; lastKnownFileType = sourcecode.c.objc; path = HomeNotifierCell.m; sourceTree = "<group>"; };
		0BFD25411CF5DB7600142882 /* HomeViewCell.h */ = {isa = PBXFileReference; fileEncoding = 4; lastKnownFileType = sourcecode.c.h; path = HomeViewCell.h; sourceTree = "<group>"; };
		0BFD25421CF5DB7600142882 /* HomeViewCell.m */ = {isa = PBXFileReference; fileEncoding = 4; lastKnownFileType = sourcecode.c.objc; path = HomeViewCell.m; sourceTree = "<group>"; };
		0BFD25441CF5E88600142882 /* HomeThreeViewCell.h */ = {isa = PBXFileReference; fileEncoding = 4; lastKnownFileType = sourcecode.c.h; path = HomeThreeViewCell.h; sourceTree = "<group>"; };
		0BFD25451CF5E88600142882 /* HomeThreeViewCell.m */ = {isa = PBXFileReference; fileEncoding = 4; lastKnownFileType = sourcecode.c.objc; path = HomeThreeViewCell.m; sourceTree = "<group>"; };
		8C3891971CF5BD1F003ECB4D /* AppDelegate.h */ = {isa = PBXFileReference; fileEncoding = 4; lastKnownFileType = sourcecode.c.h; name = AppDelegate.h; path = PeopleOnline/AppDelegate.h; sourceTree = SOURCE_ROOT; };
		8C3891981CF5BD1F003ECB4D /* AppDelegate.m */ = {isa = PBXFileReference; fileEncoding = 4; lastKnownFileType = sourcecode.c.objc; name = AppDelegate.m; path = PeopleOnline/AppDelegate.m; sourceTree = SOURCE_ROOT; };
		8C38919A1CF5BD42003ECB4D /* PrefixHeader.pch */ = {isa = PBXFileReference; fileEncoding = 4; lastKnownFileType = sourcecode.c.h; name = PrefixHeader.pch; path = PeopleOnline/Classes/PrefixHeader.pch; sourceTree = SOURCE_ROOT; };
		8C38919C1CF5BE6D003ECB4D /* LeftView.h */ = {isa = PBXFileReference; fileEncoding = 4; lastKnownFileType = sourcecode.c.h; path = LeftView.h; sourceTree = "<group>"; };
		8C38919D1CF5BE6D003ECB4D /* LeftView.m */ = {isa = PBXFileReference; fileEncoding = 4; lastKnownFileType = sourcecode.c.objc; path = LeftView.m; sourceTree = "<group>"; };
		8CBA33B21CF4705E00A4897A /* PeopleOnline.app */ = {isa = PBXFileReference; explicitFileType = wrapper.application; includeInIndex = 0; path = PeopleOnline.app; sourceTree = BUILT_PRODUCTS_DIR; };
		8CBA33B61CF4705E00A4897A /* main.m */ = {isa = PBXFileReference; lastKnownFileType = sourcecode.c.objc; path = main.m; sourceTree = "<group>"; };
		8CBA33BF1CF4705E00A4897A /* Base */ = {isa = PBXFileReference; lastKnownFileType = file.storyboard; name = Base; path = Base.lproj/Main.storyboard; sourceTree = "<group>"; };
		8CBA33C11CF4705E00A4897A /* Assets.xcassets */ = {isa = PBXFileReference; lastKnownFileType = folder.assetcatalog; path = Assets.xcassets; sourceTree = "<group>"; };
		8CBA33C41CF4705E00A4897A /* Base */ = {isa = PBXFileReference; lastKnownFileType = file.storyboard; name = Base; path = Base.lproj/LaunchScreen.storyboard; sourceTree = "<group>"; };
		8CBA33C61CF4705E00A4897A /* Info.plist */ = {isa = PBXFileReference; lastKnownFileType = text.plist.xml; path = Info.plist; sourceTree = "<group>"; };
		8CBA33CB1CF4705E00A4897A /* PeopleOnlineTests.xctest */ = {isa = PBXFileReference; explicitFileType = wrapper.cfbundle; includeInIndex = 0; path = PeopleOnlineTests.xctest; sourceTree = BUILT_PRODUCTS_DIR; };
		8CBA33CF1CF4705E00A4897A /* PeopleOnlineTests.m */ = {isa = PBXFileReference; lastKnownFileType = sourcecode.c.objc; path = PeopleOnlineTests.m; sourceTree = "<group>"; };
		8CBA33D11CF4705E00A4897A /* Info.plist */ = {isa = PBXFileReference; lastKnownFileType = text.plist.xml; path = Info.plist; sourceTree = "<group>"; };
		8CBA33D61CF4705E00A4897A /* PeopleOnlineUITests.xctest */ = {isa = PBXFileReference; explicitFileType = wrapper.cfbundle; includeInIndex = 0; path = PeopleOnlineUITests.xctest; sourceTree = BUILT_PRODUCTS_DIR; };
		8CBA33DA1CF4705E00A4897A /* PeopleOnlineUITests.m */ = {isa = PBXFileReference; lastKnownFileType = sourcecode.c.objc; path = PeopleOnlineUITests.m; sourceTree = "<group>"; };
		8CBA33DC1CF4705E00A4897A /* Info.plist */ = {isa = PBXFileReference; lastKnownFileType = text.plist.xml; path = Info.plist; sourceTree = "<group>"; };
		8CBA33F71CF472A200A4897A /* LaunchViewController.h */ = {isa = PBXFileReference; fileEncoding = 4; lastKnownFileType = sourcecode.c.h; path = LaunchViewController.h; sourceTree = "<group>"; };
		8CBA33F81CF472A200A4897A /* LaunchViewController.m */ = {isa = PBXFileReference; fileEncoding = 4; lastKnownFileType = sourcecode.c.objc; path = LaunchViewController.m; sourceTree = "<group>"; };
		8CBA33FA1CF4739B00A4897A /* LaunchView.h */ = {isa = PBXFileReference; fileEncoding = 4; lastKnownFileType = sourcecode.c.h; path = LaunchView.h; sourceTree = "<group>"; };
		8CBA33FB1CF4739B00A4897A /* LaunchView.m */ = {isa = PBXFileReference; fileEncoding = 4; lastKnownFileType = sourcecode.c.objc; path = LaunchView.m; sourceTree = "<group>"; };
		8CBA33FD1CF4765000A4897A /* zh-Hans */ = {isa = PBXFileReference; lastKnownFileType = text.plist.strings; name = "zh-Hans"; path = "zh-Hans.lproj/Main.strings"; sourceTree = "<group>"; };
		8CBA33FE1CF4765000A4897A /* zh-Hans */ = {isa = PBXFileReference; lastKnownFileType = text.plist.strings; name = "zh-Hans"; path = "zh-Hans.lproj/LaunchScreen.strings"; sourceTree = "<group>"; };
		8CBA34071CF47F4600A4897A /* UIView+Extension.h */ = {isa = PBXFileReference; fileEncoding = 4; lastKnownFileType = sourcecode.c.h; path = "UIView+Extension.h"; sourceTree = "<group>"; };
		8CBA34081CF47F4600A4897A /* UIView+Extension.m */ = {isa = PBXFileReference; fileEncoding = 4; lastKnownFileType = sourcecode.c.objc; path = "UIView+Extension.m"; sourceTree = "<group>"; };
		8CBA340A1CF48D0B00A4897A /* huand0.png */ = {isa = PBXFileReference; lastKnownFileType = image.png; path = huand0.png; sourceTree = "<group>"; };
		8CBA340B1CF48D0B00A4897A /* huand1.png */ = {isa = PBXFileReference; lastKnownFileType = image.png; path = huand1.png; sourceTree = "<group>"; };
		8CBA340C1CF48D0B00A4897A /* huand2.png */ = {isa = PBXFileReference; lastKnownFileType = image.png; path = huand2.png; sourceTree = "<group>"; };
		8CBA340D1CF48D0B00A4897A /* huand3.png */ = {isa = PBXFileReference; lastKnownFileType = image.png; path = huand3.png; sourceTree = "<group>"; };
		8CBA34191CF498D000A4897A /* MMDrawerBarButtonItem.h */ = {isa = PBXFileReference; fileEncoding = 4; lastKnownFileType = sourcecode.c.h; path = MMDrawerBarButtonItem.h; sourceTree = "<group>"; };
		8CBA341A1CF498D000A4897A /* MMDrawerBarButtonItem.m */ = {isa = PBXFileReference; fileEncoding = 4; lastKnownFileType = sourcecode.c.objc; path = MMDrawerBarButtonItem.m; sourceTree = "<group>"; };
		8CBA341B1CF498D000A4897A /* MMDrawerController+Subclass.h */ = {isa = PBXFileReference; fileEncoding = 4; lastKnownFileType = sourcecode.c.h; path = "MMDrawerController+Subclass.h"; sourceTree = "<group>"; };
		8CBA341C1CF498D000A4897A /* MMDrawerController.h */ = {isa = PBXFileReference; fileEncoding = 4; lastKnownFileType = sourcecode.c.h; path = MMDrawerController.h; sourceTree = "<group>"; };
		8CBA341D1CF498D000A4897A /* MMDrawerController.m */ = {isa = PBXFileReference; fileEncoding = 4; lastKnownFileType = sourcecode.c.objc; path = MMDrawerController.m; sourceTree = "<group>"; };
		8CBA341E1CF498D000A4897A /* MMDrawerVisualState.h */ = {isa = PBXFileReference; fileEncoding = 4; lastKnownFileType = sourcecode.c.h; path = MMDrawerVisualState.h; sourceTree = "<group>"; };
		8CBA341F1CF498D000A4897A /* MMDrawerVisualState.m */ = {isa = PBXFileReference; fileEncoding = 4; lastKnownFileType = sourcecode.c.objc; path = MMDrawerVisualState.m; sourceTree = "<group>"; };
		8CBA34201CF498D000A4897A /* UIViewController+MMDrawerController.h */ = {isa = PBXFileReference; fileEncoding = 4; lastKnownFileType = sourcecode.c.h; path = "UIViewController+MMDrawerController.h"; sourceTree = "<group>"; };
		8CBA34211CF498D000A4897A /* UIViewController+MMDrawerController.m */ = {isa = PBXFileReference; fileEncoding = 4; lastKnownFileType = sourcecode.c.objc; path = "UIViewController+MMDrawerController.m"; sourceTree = "<group>"; };
		8CBA34291CF499BC00A4897A /* LeftViewController.h */ = {isa = PBXFileReference; fileEncoding = 4; lastKnownFileType = sourcecode.c.h; path = LeftViewController.h; sourceTree = "<group>"; };
		8CBA342A1CF499BC00A4897A /* LeftViewController.m */ = {isa = PBXFileReference; fileEncoding = 4; lastKnownFileType = sourcecode.c.objc; path = LeftViewController.m; sourceTree = "<group>"; };
		8CBA342C1CF4A87300A4897A /* HomeViewController.h */ = {isa = PBXFileReference; fileEncoding = 4; lastKnownFileType = sourcecode.c.h; path = HomeViewController.h; sourceTree = "<group>"; };
		8CBA342D1CF4A87300A4897A /* HomeViewController.m */ = {isa = PBXFileReference; fileEncoding = 4; lastKnownFileType = sourcecode.c.objc; path = HomeViewController.m; sourceTree = "<group>"; };
		8CBA342F1CF4A87C00A4897A /* MyViewController.h */ = {isa = PBXFileReference; fileEncoding = 4; lastKnownFileType = sourcecode.c.h; path = MyViewController.h; sourceTree = "<group>"; };
		8CBA34301CF4A87C00A4897A /* MyViewController.m */ = {isa = PBXFileReference; fileEncoding = 4; lastKnownFileType = sourcecode.c.objc; path = MyViewController.m; sourceTree = "<group>"; };
		8CBA34321CF4A8A400A4897A /* CitysViewController.h */ = {isa = PBXFileReference; fileEncoding = 4; lastKnownFileType = sourcecode.c.h; path = CitysViewController.h; sourceTree = "<group>"; };
		8CBA34331CF4A8A400A4897A /* CitysViewController.m */ = {isa = PBXFileReference; fileEncoding = 4; lastKnownFileType = sourcecode.c.objc; path = CitysViewController.m; sourceTree = "<group>"; };
		8CBA34351CF4A90A00A4897A /* BGTViewController.h */ = {isa = PBXFileReference; fileEncoding = 4; lastKnownFileType = sourcecode.c.h; path = BGTViewController.h; sourceTree = "<group>"; };
		8CBA34361CF4A90A00A4897A /* BGTViewController.m */ = {isa = PBXFileReference; fileEncoding = 4; lastKnownFileType = sourcecode.c.objc; path = BGTViewController.m; sourceTree = "<group>"; };
		8CBA34381CF4A92800A4897A /* ServiceViewController.h */ = {isa = PBXFileReference; fileEncoding = 4; lastKnownFileType = sourcecode.c.h; path = ServiceViewController.h; sourceTree = "<group>"; };
		8CBA34391CF4A92800A4897A /* ServiceViewController.m */ = {isa = PBXFileReference; fileEncoding = 4; lastKnownFileType = sourcecode.c.objc; path = ServiceViewController.m; sourceTree = "<group>"; };
		8CBA343B1CF4AC6000A4897A /* RootTabBarViewController.h */ = {isa = PBXFileReference; fileEncoding = 4; lastKnownFileType = sourcecode.c.h; path = RootTabBarViewController.h; sourceTree = "<group>"; };
		8CBA343C1CF4AC6000A4897A /* RootTabBarViewController.m */ = {isa = PBXFileReference; fileEncoding = 4; lastKnownFileType = sourcecode.c.objc; path = RootTabBarViewController.m; sourceTree = "<group>"; };
/* End PBXFileReference section */

/* Begin PBXFrameworksBuildPhase section */
		8CBA33AF1CF4705E00A4897A /* Frameworks */ = {
			isa = PBXFrameworksBuildPhase;
			buildActionMask = 2147483647;
			files = (
			);
			runOnlyForDeploymentPostprocessing = 0;
		};
		8CBA33C81CF4705E00A4897A /* Frameworks */ = {
			isa = PBXFrameworksBuildPhase;
			buildActionMask = 2147483647;
			files = (
			);
			runOnlyForDeploymentPostprocessing = 0;
		};
		8CBA33D31CF4705E00A4897A /* Frameworks */ = {
			isa = PBXFrameworksBuildPhase;
			buildActionMask = 2147483647;
			files = (
			);
			runOnlyForDeploymentPostprocessing = 0;
		};
/* End PBXFrameworksBuildPhase section */

/* Begin PBXGroup section */
		0B06645A1CF73ED80084B3E3 /* viewControllers(便民服务) */ = {
			isa = PBXGroup;
			children = (
				0B06645B1CF73F320084B3E3 /* views */,
				8CBA34381CF4A92800A4897A /* ServiceViewController.h */,
				8CBA34391CF4A92800A4897A /* ServiceViewController.m */,
				0B0664621CF747AB0084B3E3 /* JuJiaoViewController.h */,
				0B0664631CF747AB0084B3E3 /* JuJiaoViewController.m */,
			);
			name = "viewControllers(便民服务)";
			sourceTree = "<group>";
		};
		0B06645B1CF73F320084B3E3 /* views */ = {
			isa = PBXGroup;
			children = (
				0B06645C1CF73F590084B3E3 /* bigViewCell.h */,
				0B06645D1CF73F590084B3E3 /* bigViewCell.m */,
				0B06645F1CF73F7A0084B3E3 /* ListViewCell.h */,
				0B0664601CF73F7A0084B3E3 /* ListViewCell.m */,
			);
			name = views;
			sourceTree = "<group>";
		};
		0BFD25001CF5DA3A00142882 /* ViewControllers(首页) */ = {
			isa = PBXGroup;
			children = (
				0BFD25011CF5DA6300142882 /* views(首页) */,
				8CBA342C1CF4A87300A4897A /* HomeViewController.h */,
				8CBA342D1CF4A87300A4897A /* HomeViewController.m */,
			);
			name = "ViewControllers(首页)";
			sourceTree = "<group>";
		};
		0BFD25011CF5DA6300142882 /* views(首页) */ = {
			isa = PBXGroup;
			children = (
				0BFD25411CF5DB7600142882 /* HomeViewCell.h */,
				0BFD25421CF5DB7600142882 /* HomeViewCell.m */,
				0BFD25441CF5E88600142882 /* HomeThreeViewCell.h */,
				0BFD25451CF5E88600142882 /* HomeThreeViewCell.m */,
				0B4FB5C21CF70B4D00108D20 /* HomeNotifierCell.h */,
				0B4FB5C31CF70B4D00108D20 /* HomeNotifierCell.m */,
			);
			name = "views(首页)";
			sourceTree = "<group>";
		};
		8C38919B1CF5BE1F003ECB4D /* ViewControllers(侧滑视图) */ = {
			isa = PBXGroup;
			children = (
				8CBA34291CF499BC00A4897A /* LeftViewController.h */,
				8CBA342A1CF499BC00A4897A /* LeftViewController.m */,
				8C38919C1CF5BE6D003ECB4D /* LeftView.h */,
				8C38919D1CF5BE6D003ECB4D /* LeftView.m */,
			);
			name = "ViewControllers(侧滑视图)";
			sourceTree = "<group>";
		};
		8CBA33A91CF4705E00A4897A = {
			isa = PBXGroup;
			children = (
				8CBA33B41CF4705E00A4897A /* PeopleOnline */,
				8CBA33CE1CF4705E00A4897A /* PeopleOnlineTests */,
				8CBA33D91CF4705E00A4897A /* PeopleOnlineUITests */,
				8CBA33B31CF4705E00A4897A /* Products */,
			);
			sourceTree = "<group>";
		};
		8CBA33B31CF4705E00A4897A /* Products */ = {
			isa = PBXGroup;
			children = (
				8CBA33B21CF4705E00A4897A /* PeopleOnline.app */,
				8CBA33CB1CF4705E00A4897A /* PeopleOnlineTests.xctest */,
				8CBA33D61CF4705E00A4897A /* PeopleOnlineUITests.xctest */,
			);
			name = Products;
			sourceTree = "<group>";
		};
		8CBA33B41CF4705E00A4897A /* PeopleOnline */ = {
			isa = PBXGroup;
			children = (
				8CBA33E81CF471B400A4897A /* Classes */,
				8CBA33BE1CF4705E00A4897A /* Main.storyboard */,
				8CBA33C11CF4705E00A4897A /* Assets.xcassets */,
				8CBA33C31CF4705E00A4897A /* LaunchScreen.storyboard */,
				8CBA33C61CF4705E00A4897A /* Info.plist */,
				8CBA33B51CF4705E00A4897A /* Supporting Files */,
			);
			path = PeopleOnline;
			sourceTree = "<group>";
		};
		8CBA33B51CF4705E00A4897A /* Supporting Files */ = {
			isa = PBXGroup;
			children = (
				8CBA33B61CF4705E00A4897A /* main.m */,
			);
			name = "Supporting Files";
			sourceTree = "<group>";
		};
		8CBA33CE1CF4705E00A4897A /* PeopleOnlineTests */ = {
			isa = PBXGroup;
			children = (
				8CBA33CF1CF4705E00A4897A /* PeopleOnlineTests.m */,
				8CBA33D11CF4705E00A4897A /* Info.plist */,
			);
			path = PeopleOnlineTests;
			sourceTree = "<group>";
		};
		8CBA33D91CF4705E00A4897A /* PeopleOnlineUITests */ = {
			isa = PBXGroup;
			children = (
				8CBA33DA1CF4705E00A4897A /* PeopleOnlineUITests.m */,
				8CBA33DC1CF4705E00A4897A /* Info.plist */,
			);
			path = PeopleOnlineUITests;
			sourceTree = "<group>";
		};
		8CBA33E81CF471B400A4897A /* Classes */ = {
			isa = PBXGroup;
			children = (
				8CBA33E91CF471B400A4897A /* AppDelegate */,
				8CBA33EA1CF471B400A4897A /* General */,
				8CBA33EE1CF471B400A4897A /* Helpers */,
				8CBA33EF1CF471B400A4897A /* Macro */,
				8CBA33F01CF471B400A4897A /* Models */,
				8CBA33F11CF471B400A4897A /* Resources */,
				8CBA33F21CF471B400A4897A /* Scenes */,
				8CBA33F51CF471B400A4897A /* Vendors */,
			);
			path = Classes;
			sourceTree = "<group>";
		};
		8CBA33E91CF471B400A4897A /* AppDelegate */ = {
			isa = PBXGroup;
			children = (
				8C3891971CF5BD1F003ECB4D /* AppDelegate.h */,
				8C3891981CF5BD1F003ECB4D /* AppDelegate.m */,
				8C38919A1CF5BD42003ECB4D /* PrefixHeader.pch */,
			);
			path = AppDelegate;
			sourceTree = "<group>";
		};
		8CBA33EA1CF471B400A4897A /* General */ = {
			isa = PBXGroup;
			children = (
				8CBA33EB1CF471B400A4897A /* Categories */,
				8CBA33EC1CF471B400A4897A /* ViewControllers */,
				8CBA33ED1CF471B400A4897A /* Views */,
			);
			path = General;
			sourceTree = "<group>";
		};
		8CBA33EB1CF471B400A4897A /* Categories */ = {
			isa = PBXGroup;
			children = (
				8CBA34071CF47F4600A4897A /* UIView+Extension.h */,
				8CBA34081CF47F4600A4897A /* UIView+Extension.m */,
			);
			path = Categories;
			sourceTree = "<group>";
		};
		8CBA33EC1CF471B400A4897A /* ViewControllers */ = {
			isa = PBXGroup;
			children = (
				8C38919B1CF5BE1F003ECB4D /* ViewControllers(侧滑视图) */,
				8CBA34141CF4916200A4897A /* ViewController(主页) */,
				8CBA34131CF4912D00A4897A /* ViewController(首登启动) */,
			);
			path = ViewControllers;
			sourceTree = "<group>";
		};
		8CBA33ED1CF471B400A4897A /* Views */ = {
			isa = PBXGroup;
			children = (
			);
			path = Views;
			sourceTree = "<group>";
		};
		8CBA33EE1CF471B400A4897A /* Helpers */ = {
			isa = PBXGroup;
			children = (
				8CBA34181CF498D000A4897A /* MMDrawerController */,
			);
			path = Helpers;
			sourceTree = "<group>";
		};
		8CBA33EF1CF471B400A4897A /* Macro */ = {
			isa = PBXGroup;
			children = (
			);
			path = Macro;
			sourceTree = "<group>";
		};
		8CBA33F01CF471B400A4897A /* Models */ = {
			isa = PBXGroup;
			children = (
			);
			path = Models;
			sourceTree = "<group>";
		};
		8CBA33F11CF471B400A4897A /* Resources */ = {
			isa = PBXGroup;
			children = (
			);
			path = Resources;
			sourceTree = "<group>";
		};
		8CBA33F21CF471B400A4897A /* Scenes */ = {
			isa = PBXGroup;
			children = (
				8CBA33F31CF471B400A4897A /* View */,
				8CBA33F41CF471B400A4897A /* ViewController */,
			);
			path = Scenes;
			sourceTree = "<group>";
		};
		8CBA33F31CF471B400A4897A /* View */ = {
			isa = PBXGroup;
			children = (
			);
			path = View;
			sourceTree = "<group>";
		};
		8CBA33F41CF471B400A4897A /* ViewController */ = {
			isa = PBXGroup;
			children = (
			);
			path = ViewController;
			sourceTree = "<group>";
		};
		8CBA33F51CF471B400A4897A /* Vendors */ = {
			isa = PBXGroup;
			children = (
				8CBA34121CF48D1200A4897A /* photos */,
			);
			path = Vendors;
			sourceTree = "<group>";
		};
		8CBA34121CF48D1200A4897A /* photos */ = {
			isa = PBXGroup;
			children = (
				8CBA340A1CF48D0B00A4897A /* huand0.png */,
				8CBA340B1CF48D0B00A4897A /* huand1.png */,
				8CBA340C1CF48D0B00A4897A /* huand2.png */,
				8CBA340D1CF48D0B00A4897A /* huand3.png */,
			);
			name = photos;
			sourceTree = "<group>";
		};
		8CBA34131CF4912D00A4897A /* ViewController(首登启动) */ = {
			isa = PBXGroup;
			children = (
				8CBA33F71CF472A200A4897A /* LaunchViewController.h */,
				8CBA33F81CF472A200A4897A /* LaunchViewController.m */,
				8CBA33FA1CF4739B00A4897A /* LaunchView.h */,
				8CBA33FB1CF4739B00A4897A /* LaunchView.m */,
			);
			name = "ViewController(首登启动)";
			sourceTree = "<group>";
		};
		8CBA34141CF4916200A4897A /* ViewController(主页) */ = {
			isa = PBXGroup;
			children = (
				0B06645A1CF73ED80084B3E3 /* viewControllers(便民服务) */,
				0BFD25001CF5DA3A00142882 /* ViewControllers(首页) */,
				8CBA342F1CF4A87C00A4897A /* MyViewController.h */,
				8CBA34301CF4A87C00A4897A /* MyViewController.m */,
				8CBA34321CF4A8A400A4897A /* CitysViewController.h */,
				8CBA34331CF4A8A400A4897A /* CitysViewController.m */,
				8CBA34351CF4A90A00A4897A /* BGTViewController.h */,
				8CBA34361CF4A90A00A4897A /* BGTViewController.m */,
				8CBA343B1CF4AC6000A4897A /* RootTabBarViewController.h */,
				8CBA343C1CF4AC6000A4897A /* RootTabBarViewController.m */,
			);
			name = "ViewController(主页)";
			sourceTree = "<group>";
		};
		8CBA34181CF498D000A4897A /* MMDrawerController */ = {
			isa = PBXGroup;
			children = (
				8CBA34191CF498D000A4897A /* MMDrawerBarButtonItem.h */,
				8CBA341A1CF498D000A4897A /* MMDrawerBarButtonItem.m */,
				8CBA341B1CF498D000A4897A /* MMDrawerController+Subclass.h */,
				8CBA341C1CF498D000A4897A /* MMDrawerController.h */,
				8CBA341D1CF498D000A4897A /* MMDrawerController.m */,
				8CBA341E1CF498D000A4897A /* MMDrawerVisualState.h */,
				8CBA341F1CF498D000A4897A /* MMDrawerVisualState.m */,
				8CBA34201CF498D000A4897A /* UIViewController+MMDrawerController.h */,
				8CBA34211CF498D000A4897A /* UIViewController+MMDrawerController.m */,
			);
			path = MMDrawerController;
			sourceTree = "<group>";
		};
/* End PBXGroup section */

/* Begin PBXNativeTarget section */
		8CBA33B11CF4705E00A4897A /* PeopleOnline */ = {
			isa = PBXNativeTarget;
			buildConfigurationList = 8CBA33DF1CF4705E00A4897A /* Build configuration list for PBXNativeTarget "PeopleOnline" */;
			buildPhases = (
				8CBA33AE1CF4705E00A4897A /* Sources */,
				8CBA33AF1CF4705E00A4897A /* Frameworks */,
				8CBA33B01CF4705E00A4897A /* Resources */,
			);
			buildRules = (
			);
			dependencies = (
			);
			name = PeopleOnline;
			productName = PeopleOnline;
			productReference = 8CBA33B21CF4705E00A4897A /* PeopleOnline.app */;
			productType = "com.apple.product-type.application";
		};
		8CBA33CA1CF4705E00A4897A /* PeopleOnlineTests */ = {
			isa = PBXNativeTarget;
			buildConfigurationList = 8CBA33E21CF4705E00A4897A /* Build configuration list for PBXNativeTarget "PeopleOnlineTests" */;
			buildPhases = (
				8CBA33C71CF4705E00A4897A /* Sources */,
				8CBA33C81CF4705E00A4897A /* Frameworks */,
				8CBA33C91CF4705E00A4897A /* Resources */,
			);
			buildRules = (
			);
			dependencies = (
				8CBA33CD1CF4705E00A4897A /* PBXTargetDependency */,
			);
			name = PeopleOnlineTests;
			productName = PeopleOnlineTests;
			productReference = 8CBA33CB1CF4705E00A4897A /* PeopleOnlineTests.xctest */;
			productType = "com.apple.product-type.bundle.unit-test";
		};
		8CBA33D51CF4705E00A4897A /* PeopleOnlineUITests */ = {
			isa = PBXNativeTarget;
			buildConfigurationList = 8CBA33E51CF4705E00A4897A /* Build configuration list for PBXNativeTarget "PeopleOnlineUITests" */;
			buildPhases = (
				8CBA33D21CF4705E00A4897A /* Sources */,
				8CBA33D31CF4705E00A4897A /* Frameworks */,
				8CBA33D41CF4705E00A4897A /* Resources */,
			);
			buildRules = (
			);
			dependencies = (
				8CBA33D81CF4705E00A4897A /* PBXTargetDependency */,
			);
			name = PeopleOnlineUITests;
			productName = PeopleOnlineUITests;
			productReference = 8CBA33D61CF4705E00A4897A /* PeopleOnlineUITests.xctest */;
			productType = "com.apple.product-type.bundle.ui-testing";
		};
/* End PBXNativeTarget section */

/* Begin PBXProject section */
		8CBA33AA1CF4705E00A4897A /* Project object */ = {
			isa = PBXProject;
			attributes = {
				LastUpgradeCheck = 0730;
				ORGANIZATIONNAME = com.PeopleOnline;
				TargetAttributes = {
					8CBA33B11CF4705E00A4897A = {
						CreatedOnToolsVersion = 7.3.1;
						DevelopmentTeam = 93EJ65VTLA;
					};
					8CBA33CA1CF4705E00A4897A = {
						CreatedOnToolsVersion = 7.3.1;
						TestTargetID = 8CBA33B11CF4705E00A4897A;
					};
					8CBA33D51CF4705E00A4897A = {
						CreatedOnToolsVersion = 7.3.1;
						TestTargetID = 8CBA33B11CF4705E00A4897A;
					};
				};
			};
			buildConfigurationList = 8CBA33AD1CF4705E00A4897A /* Build configuration list for PBXProject "PeopleOnline" */;
			compatibilityVersion = "Xcode 3.2";
			developmentRegion = English;
			hasScannedForEncodings = 0;
			knownRegions = (
				en,
				Base,
			);
			mainGroup = 8CBA33A91CF4705E00A4897A;
			productRefGroup = 8CBA33B31CF4705E00A4897A /* Products */;
			projectDirPath = "";
			projectRoot = "";
			targets = (
				8CBA33B11CF4705E00A4897A /* PeopleOnline */,
				8CBA33CA1CF4705E00A4897A /* PeopleOnlineTests */,
				8CBA33D51CF4705E00A4897A /* PeopleOnlineUITests */,
			);
		};
/* End PBXProject section */

/* Begin PBXResourcesBuildPhase section */
		8CBA33B01CF4705E00A4897A /* Resources */ = {
			isa = PBXResourcesBuildPhase;
			buildActionMask = 2147483647;
			files = (
				8CBA33C51CF4705E00A4897A /* LaunchScreen.storyboard in Resources */,
				8CBA340F1CF48D0B00A4897A /* huand1.png in Resources */,
				8CBA33C21CF4705E00A4897A /* Assets.xcassets in Resources */,
				8CBA34111CF48D0B00A4897A /* huand3.png in Resources */,
				8CBA340E1CF48D0B00A4897A /* huand0.png in Resources */,
				8CBA34101CF48D0B00A4897A /* huand2.png in Resources */,
				8CBA33C01CF4705E00A4897A /* Main.storyboard in Resources */,
			);
			runOnlyForDeploymentPostprocessing = 0;
		};
		8CBA33C91CF4705E00A4897A /* Resources */ = {
			isa = PBXResourcesBuildPhase;
			buildActionMask = 2147483647;
			files = (
			);
			runOnlyForDeploymentPostprocessing = 0;
		};
		8CBA33D41CF4705E00A4897A /* Resources */ = {
			isa = PBXResourcesBuildPhase;
			buildActionMask = 2147483647;
			files = (
			);
			runOnlyForDeploymentPostprocessing = 0;
		};
/* End PBXResourcesBuildPhase section */

/* Begin PBXSourcesBuildPhase section */
		8CBA33AE1CF4705E00A4897A /* Sources */ = {
			isa = PBXSourcesBuildPhase;
			buildActionMask = 2147483647;
			files = (
				8C3891991CF5BD1F003ECB4D /* AppDelegate.m in Sources */,
				0BFD25461CF5E88600142882 /* HomeThreeViewCell.m in Sources */,
				8CBA34091CF47F4600A4897A /* UIView+Extension.m in Sources */,
<<<<<<< HEAD
				0B06645E1CF73F590084B3E3 /* bigViewCell.m in Sources */,
				8CBA34171CF491A500A4897A /* MainViewController.m in Sources */,
=======
>>>>>>> 9e0dd4f8348bdb3f51bdbef2097766f50035fcd5
				8CBA34231CF498D000A4897A /* MMDrawerController.m in Sources */,
				8C38919E1CF5BE6D003ECB4D /* LeftView.m in Sources */,
				8CBA34251CF498D000A4897A /* UIViewController+MMDrawerController.m in Sources */,
				8CBA343A1CF4A92800A4897A /* ServiceViewController.m in Sources */,
				8CBA34241CF498D000A4897A /* MMDrawerVisualState.m in Sources */,
				8CBA34311CF4A87C00A4897A /* MyViewController.m in Sources */,
				0B0664641CF747AB0084B3E3 /* JuJiaoViewController.m in Sources */,
				8CBA33FC1CF4739B00A4897A /* LaunchView.m in Sources */,
				8CBA33B71CF4705E00A4897A /* main.m in Sources */,
				8CBA34371CF4A90A00A4897A /* BGTViewController.m in Sources */,
				0BFD25431CF5DB7600142882 /* HomeViewCell.m in Sources */,
				0B0664611CF73F7A0084B3E3 /* ListViewCell.m in Sources */,
				8CBA342B1CF499BC00A4897A /* LeftViewController.m in Sources */,
				8CBA33F91CF472A200A4897A /* LaunchViewController.m in Sources */,
				8CBA343D1CF4AC6000A4897A /* RootTabBarViewController.m in Sources */,
				8CBA34341CF4A8A400A4897A /* CitysViewController.m in Sources */,
				8CBA34221CF498D000A4897A /* MMDrawerBarButtonItem.m in Sources */,
				0B4FB5C41CF70B4D00108D20 /* HomeNotifierCell.m in Sources */,
				8CBA342E1CF4A87300A4897A /* HomeViewController.m in Sources */,
			);
			runOnlyForDeploymentPostprocessing = 0;
		};
		8CBA33C71CF4705E00A4897A /* Sources */ = {
			isa = PBXSourcesBuildPhase;
			buildActionMask = 2147483647;
			files = (
				8CBA33D01CF4705E00A4897A /* PeopleOnlineTests.m in Sources */,
			);
			runOnlyForDeploymentPostprocessing = 0;
		};
		8CBA33D21CF4705E00A4897A /* Sources */ = {
			isa = PBXSourcesBuildPhase;
			buildActionMask = 2147483647;
			files = (
				8CBA33DB1CF4705E00A4897A /* PeopleOnlineUITests.m in Sources */,
			);
			runOnlyForDeploymentPostprocessing = 0;
		};
/* End PBXSourcesBuildPhase section */

/* Begin PBXTargetDependency section */
		8CBA33CD1CF4705E00A4897A /* PBXTargetDependency */ = {
			isa = PBXTargetDependency;
			target = 8CBA33B11CF4705E00A4897A /* PeopleOnline */;
			targetProxy = 8CBA33CC1CF4705E00A4897A /* PBXContainerItemProxy */;
		};
		8CBA33D81CF4705E00A4897A /* PBXTargetDependency */ = {
			isa = PBXTargetDependency;
			target = 8CBA33B11CF4705E00A4897A /* PeopleOnline */;
			targetProxy = 8CBA33D71CF4705E00A4897A /* PBXContainerItemProxy */;
		};
/* End PBXTargetDependency section */

/* Begin PBXVariantGroup section */
		8CBA33BE1CF4705E00A4897A /* Main.storyboard */ = {
			isa = PBXVariantGroup;
			children = (
				8CBA33BF1CF4705E00A4897A /* Base */,
				8CBA33FD1CF4765000A4897A /* zh-Hans */,
			);
			name = Main.storyboard;
			sourceTree = "<group>";
		};
		8CBA33C31CF4705E00A4897A /* LaunchScreen.storyboard */ = {
			isa = PBXVariantGroup;
			children = (
				8CBA33C41CF4705E00A4897A /* Base */,
				8CBA33FE1CF4765000A4897A /* zh-Hans */,
			);
			name = LaunchScreen.storyboard;
			sourceTree = "<group>";
		};
/* End PBXVariantGroup section */

/* Begin XCBuildConfiguration section */
		8CBA33DD1CF4705E00A4897A /* Debug */ = {
			isa = XCBuildConfiguration;
			buildSettings = {
				ALWAYS_SEARCH_USER_PATHS = NO;
				CLANG_ANALYZER_NONNULL = YES;
				CLANG_CXX_LANGUAGE_STANDARD = "gnu++0x";
				CLANG_CXX_LIBRARY = "libc++";
				CLANG_ENABLE_MODULES = YES;
				CLANG_ENABLE_OBJC_ARC = YES;
				CLANG_WARN_BOOL_CONVERSION = YES;
				CLANG_WARN_CONSTANT_CONVERSION = YES;
				CLANG_WARN_DIRECT_OBJC_ISA_USAGE = YES_ERROR;
				CLANG_WARN_EMPTY_BODY = YES;
				CLANG_WARN_ENUM_CONVERSION = YES;
				CLANG_WARN_INT_CONVERSION = YES;
				CLANG_WARN_OBJC_ROOT_CLASS = YES_ERROR;
				CLANG_WARN_UNREACHABLE_CODE = YES;
				CLANG_WARN__DUPLICATE_METHOD_MATCH = YES;
				"CODE_SIGN_IDENTITY[sdk=iphoneos*]" = "iPhone Developer";
				COPY_PHASE_STRIP = NO;
				DEBUG_INFORMATION_FORMAT = dwarf;
				ENABLE_STRICT_OBJC_MSGSEND = YES;
				ENABLE_TESTABILITY = YES;
				GCC_C_LANGUAGE_STANDARD = gnu99;
				GCC_DYNAMIC_NO_PIC = NO;
				GCC_NO_COMMON_BLOCKS = YES;
				GCC_OPTIMIZATION_LEVEL = 0;
				GCC_PREPROCESSOR_DEFINITIONS = (
					"DEBUG=1",
					"$(inherited)",
				);
				GCC_WARN_64_TO_32_BIT_CONVERSION = YES;
				GCC_WARN_ABOUT_RETURN_TYPE = YES_ERROR;
				GCC_WARN_UNDECLARED_SELECTOR = YES;
				GCC_WARN_UNINITIALIZED_AUTOS = YES_AGGRESSIVE;
				GCC_WARN_UNUSED_FUNCTION = YES;
				GCC_WARN_UNUSED_VARIABLE = YES;
				IPHONEOS_DEPLOYMENT_TARGET = 9.3;
				MTL_ENABLE_DEBUG_INFO = YES;
				ONLY_ACTIVE_ARCH = YES;
				SDKROOT = iphoneos;
			};
			name = Debug;
		};
		8CBA33DE1CF4705E00A4897A /* Release */ = {
			isa = XCBuildConfiguration;
			buildSettings = {
				ALWAYS_SEARCH_USER_PATHS = NO;
				CLANG_ANALYZER_NONNULL = YES;
				CLANG_CXX_LANGUAGE_STANDARD = "gnu++0x";
				CLANG_CXX_LIBRARY = "libc++";
				CLANG_ENABLE_MODULES = YES;
				CLANG_ENABLE_OBJC_ARC = YES;
				CLANG_WARN_BOOL_CONVERSION = YES;
				CLANG_WARN_CONSTANT_CONVERSION = YES;
				CLANG_WARN_DIRECT_OBJC_ISA_USAGE = YES_ERROR;
				CLANG_WARN_EMPTY_BODY = YES;
				CLANG_WARN_ENUM_CONVERSION = YES;
				CLANG_WARN_INT_CONVERSION = YES;
				CLANG_WARN_OBJC_ROOT_CLASS = YES_ERROR;
				CLANG_WARN_UNREACHABLE_CODE = YES;
				CLANG_WARN__DUPLICATE_METHOD_MATCH = YES;
				"CODE_SIGN_IDENTITY[sdk=iphoneos*]" = "iPhone Developer";
				COPY_PHASE_STRIP = NO;
				DEBUG_INFORMATION_FORMAT = "dwarf-with-dsym";
				ENABLE_NS_ASSERTIONS = NO;
				ENABLE_STRICT_OBJC_MSGSEND = YES;
				GCC_C_LANGUAGE_STANDARD = gnu99;
				GCC_NO_COMMON_BLOCKS = YES;
				GCC_WARN_64_TO_32_BIT_CONVERSION = YES;
				GCC_WARN_ABOUT_RETURN_TYPE = YES_ERROR;
				GCC_WARN_UNDECLARED_SELECTOR = YES;
				GCC_WARN_UNINITIALIZED_AUTOS = YES_AGGRESSIVE;
				GCC_WARN_UNUSED_FUNCTION = YES;
				GCC_WARN_UNUSED_VARIABLE = YES;
				IPHONEOS_DEPLOYMENT_TARGET = 9.3;
				MTL_ENABLE_DEBUG_INFO = NO;
				SDKROOT = iphoneos;
				VALIDATE_PRODUCT = YES;
			};
			name = Release;
		};
		8CBA33E01CF4705E00A4897A /* Debug */ = {
			isa = XCBuildConfiguration;
			buildSettings = {
				ASSETCATALOG_COMPILER_APPICON_NAME = AppIcon;
				CLANG_ENABLE_OBJC_WEAK = YES;
				CODE_SIGN_IDENTITY = "iPhone Developer";
				GCC_PREFIX_HEADER = PeopleOnline/Classes/PrefixHeader.pch;
				INFOPLIST_FILE = PeopleOnline/Info.plist;
				IPHONEOS_DEPLOYMENT_TARGET = 9.3;
				LD_RUNPATH_SEARCH_PATHS = "$(inherited) @executable_path/Frameworks";
				PRODUCT_BUNDLE_IDENTIFIER = PeopleOnline.PeopleOnline;
				PRODUCT_NAME = "$(TARGET_NAME)";
			};
			name = Debug;
		};
		8CBA33E11CF4705E00A4897A /* Release */ = {
			isa = XCBuildConfiguration;
			buildSettings = {
				ASSETCATALOG_COMPILER_APPICON_NAME = AppIcon;
				CLANG_ENABLE_OBJC_WEAK = YES;
				CODE_SIGN_IDENTITY = "iPhone Developer";
				GCC_PREFIX_HEADER = PeopleOnline/Classes/PrefixHeader.pch;
				INFOPLIST_FILE = PeopleOnline/Info.plist;
				IPHONEOS_DEPLOYMENT_TARGET = 9.3;
				LD_RUNPATH_SEARCH_PATHS = "$(inherited) @executable_path/Frameworks";
				PRODUCT_BUNDLE_IDENTIFIER = PeopleOnline.PeopleOnline;
				PRODUCT_NAME = "$(TARGET_NAME)";
			};
			name = Release;
		};
		8CBA33E31CF4705E00A4897A /* Debug */ = {
			isa = XCBuildConfiguration;
			buildSettings = {
				BUNDLE_LOADER = "$(TEST_HOST)";
				INFOPLIST_FILE = PeopleOnlineTests/Info.plist;
				LD_RUNPATH_SEARCH_PATHS = "$(inherited) @executable_path/Frameworks @loader_path/Frameworks";
				PRODUCT_BUNDLE_IDENTIFIER = PeopleOnline.PeopleOnlineTests;
				PRODUCT_NAME = "$(TARGET_NAME)";
				TEST_HOST = "$(BUILT_PRODUCTS_DIR)/PeopleOnline.app/PeopleOnline";
			};
			name = Debug;
		};
		8CBA33E41CF4705E00A4897A /* Release */ = {
			isa = XCBuildConfiguration;
			buildSettings = {
				BUNDLE_LOADER = "$(TEST_HOST)";
				INFOPLIST_FILE = PeopleOnlineTests/Info.plist;
				LD_RUNPATH_SEARCH_PATHS = "$(inherited) @executable_path/Frameworks @loader_path/Frameworks";
				PRODUCT_BUNDLE_IDENTIFIER = PeopleOnline.PeopleOnlineTests;
				PRODUCT_NAME = "$(TARGET_NAME)";
				TEST_HOST = "$(BUILT_PRODUCTS_DIR)/PeopleOnline.app/PeopleOnline";
			};
			name = Release;
		};
		8CBA33E61CF4705E00A4897A /* Debug */ = {
			isa = XCBuildConfiguration;
			buildSettings = {
				INFOPLIST_FILE = PeopleOnlineUITests/Info.plist;
				LD_RUNPATH_SEARCH_PATHS = "$(inherited) @executable_path/Frameworks @loader_path/Frameworks";
				PRODUCT_BUNDLE_IDENTIFIER = PeopleOnline.PeopleOnlineUITests;
				PRODUCT_NAME = "$(TARGET_NAME)";
				TEST_TARGET_NAME = PeopleOnline;
			};
			name = Debug;
		};
		8CBA33E71CF4705E00A4897A /* Release */ = {
			isa = XCBuildConfiguration;
			buildSettings = {
				INFOPLIST_FILE = PeopleOnlineUITests/Info.plist;
				LD_RUNPATH_SEARCH_PATHS = "$(inherited) @executable_path/Frameworks @loader_path/Frameworks";
				PRODUCT_BUNDLE_IDENTIFIER = PeopleOnline.PeopleOnlineUITests;
				PRODUCT_NAME = "$(TARGET_NAME)";
				TEST_TARGET_NAME = PeopleOnline;
			};
			name = Release;
		};
/* End XCBuildConfiguration section */

/* Begin XCConfigurationList section */
		8CBA33AD1CF4705E00A4897A /* Build configuration list for PBXProject "PeopleOnline" */ = {
			isa = XCConfigurationList;
			buildConfigurations = (
				8CBA33DD1CF4705E00A4897A /* Debug */,
				8CBA33DE1CF4705E00A4897A /* Release */,
			);
			defaultConfigurationIsVisible = 0;
			defaultConfigurationName = Release;
		};
		8CBA33DF1CF4705E00A4897A /* Build configuration list for PBXNativeTarget "PeopleOnline" */ = {
			isa = XCConfigurationList;
			buildConfigurations = (
				8CBA33E01CF4705E00A4897A /* Debug */,
				8CBA33E11CF4705E00A4897A /* Release */,
			);
			defaultConfigurationIsVisible = 0;
			defaultConfigurationName = Release;
		};
		8CBA33E21CF4705E00A4897A /* Build configuration list for PBXNativeTarget "PeopleOnlineTests" */ = {
			isa = XCConfigurationList;
			buildConfigurations = (
				8CBA33E31CF4705E00A4897A /* Debug */,
				8CBA33E41CF4705E00A4897A /* Release */,
			);
			defaultConfigurationIsVisible = 0;
			defaultConfigurationName = Release;
		};
		8CBA33E51CF4705E00A4897A /* Build configuration list for PBXNativeTarget "PeopleOnlineUITests" */ = {
			isa = XCConfigurationList;
			buildConfigurations = (
				8CBA33E61CF4705E00A4897A /* Debug */,
				8CBA33E71CF4705E00A4897A /* Release */,
			);
			defaultConfigurationIsVisible = 0;
			defaultConfigurationName = Release;
		};
/* End XCConfigurationList section */
	};
	rootObject = 8CBA33AA1CF4705E00A4897A /* Project object */;
}
